{
	"name": "hypermark-site",
	"lockfileVersion": 2,
	"requires": true,
	"packages": {
		"": {
			"dependencies": {
				"goober": "^2.0.41",
				"preact": "^10.5.14",
				"preact-iso": "^2.3.0"
			},
			"devDependencies": {
				"wmr": "^3.7.2"
			}
		},
		"node_modules/csstype": {
			"version": "2.6.18",
			"resolved": "https://registry.npmjs.org/csstype/-/csstype-2.6.18.tgz",
			"integrity": "sha512-RSU6Hyeg14am3Ah4VZEmeX8H7kLwEEirXe6aU2IPfKNvhXwTflK5HQRDNI0ypQXoqmm+QPyG2IaPuQE5zMwSIQ==",
			"peer": true
		},
		"node_modules/goober": {
			"version": "2.0.41",
			"resolved": "https://registry.npmjs.org/goober/-/goober-2.0.41.tgz",
			"integrity": "sha512-kwjegMT5018zWydhOQlQneCgCtrKJaPsru7TaBWmTYV0nsMeUrM6L6O8JmNYb9UbPMgWcmtf+9p4Y3oJabIH1A==",
			"peerDependencies": {
				"csstype": "^2.6.2"
			}
		},
		"node_modules/preact": {
			"version": "10.5.14",
			"resolved": "https://registry.npmjs.org/preact/-/preact-10.5.14.tgz",
			"integrity": "sha512-KojoltCrshZ099ksUZ2OQKfbH66uquFoxHSbnwKbTJHeQNvx42EmC7wQVWNuDt6vC5s3nudRHFtKbpY4ijKlaQ=="
		},
		"node_modules/preact-iso": {
			"version": "2.3.0",
			"resolved": "https://registry.npmjs.org/preact-iso/-/preact-iso-2.3.0.tgz",
			"integrity": "sha512-taJmRidbWrjHEhoVoxXS2Kvxa6X3jXSsTtD7rSYeJuxnPNr1ghCu1JUzCrRxmZwTUNWIqwUpNi+AJoLtvCPN7g=="
		},
		"node_modules/wmr": {
			"version": "3.7.2",
			"resolved": "https://registry.npmjs.org/wmr/-/wmr-3.7.2.tgz",
			"integrity": "sha512-i+e/T8J067qP2pBgq6E2gaW9qMGK+D9eGue85YM0Vflc2UuzXBP3fSS5PzvyHEKuPHZWmcFBmZRs6DU9Lkr9og==",
			"dev": true,
			"bin": {
				"wmr": "wmr.cjs"
			},
			"engines": {
				"node": ">=12.17.x"
			}
		}
	},
	"dependencies": {
		"csstype": {
			"version": "2.6.18",
			"resolved": "https://registry.npmjs.org/csstype/-/csstype-2.6.18.tgz",
			"integrity": "sha512-RSU6Hyeg14am3Ah4VZEmeX8H7kLwEEirXe6aU2IPfKNvhXwTflK5HQRDNI0ypQXoqmm+QPyG2IaPuQE5zMwSIQ==",
			"peer": true
		},
		"goober": {
			"version": "2.0.41",
			"resolved": "https://registry.npmjs.org/goober/-/goober-2.0.41.tgz",
			"integrity": "sha512-kwjegMT5018zWydhOQlQneCgCtrKJaPsru7TaBWmTYV0nsMeUrM6L6O8JmNYb9UbPMgWcmtf+9p4Y3oJabIH1A==",
			"requires": {}
		},
		"preact": {
			"version": "10.5.14",
			"resolved": "https://registry.npmjs.org/preact/-/preact-10.5.14.tgz",
			"integrity": "sha512-KojoltCrshZ099ksUZ2OQKfbH66uquFoxHSbnwKbTJHeQNvx42EmC7wQVWNuDt6vC5s3nudRHFtKbpY4ijKlaQ=="
		},
		"preact-iso": {
			"version": "2.3.0",
			"resolved": "https://registry.npmjs.org/preact-iso/-/preact-iso-2.3.0.tgz",
			"integrity": "sha512-taJmRidbWrjHEhoVoxXS2Kvxa6X3jXSsTtD7rSYeJuxnPNr1ghCu1JUzCrRxmZwTUNWIqwUpNi+AJoLtvCPN7g=="
		},
		"wmr": {
			"version": "3.7.2",
			"resolved": "https://registry.npmjs.org/wmr/-/wmr-3.7.2.tgz",
			"integrity": "sha512-i+e/T8J067qP2pBgq6E2gaW9qMGK+D9eGue85YM0Vflc2UuzXBP3fSS5PzvyHEKuPHZWmcFBmZRs6DU9Lkr9og==",
			"dev": true
		}
	}
}
